
Microsoft Visual Studio Solution File, Format Version 12.00
# Visual Studio 15
VisualStudioVersion = 15.0.27703.2018
MinimumVisualStudioVersion = 10.0.40219.1
Project("{9A19103F-16F7-4668-BE54-9A1E7A4F7556}") = "SwitcheoApi.NetCore", "SwitcheoApi.NetCore\SwitcheoApi.NetCore.csproj", "{BE46D394-F4B2-45AF-A7B7-0C463500A382}"
EndProject
Project("{FAE04EC0-301F-11D3-BF4B-00C04F79EFBC}") = "SwitcheoApi.NetCore.Tests", "SwitcheoApi.NetCore.Tests\SwitcheoApi.NetCore.Tests.csproj", "{D44D7B10-36BE-492A-BB38-6C88C5C88CF7}"
EndProject
Global
	GlobalSection(SolutionConfigurationPlatforms) = preSolution
		Debug|Any CPU = Debug|Any CPU
		Release|Any CPU = Release|Any CPU
	EndGlobalSection
	GlobalSection(ProjectConfigurationPlatforms) = postSolution
		{BE46D394-F4B2-45AF-A7B7-0C463500A382}.Debug|Any CPU.ActiveCfg = Debug|Any CPU
		{BE46D394-F4B2-45AF-A7B7-0C463500A382}.Debug|Any CPU.Build.0 = Debug|Any CPU
		{BE46D394-F4B2-45AF-A7B7-0C463500A382}.Release|Any CPU.ActiveCfg = Release|Any CPU
		{BE46D394-F4B2-45AF-A7B7-0C463500A382}.Release|Any CPU.Build.0 = Release|Any CPU
		{D44D7B10-36BE-492A-BB38-6C88C5C88CF7}.Debug|Any CPU.ActiveCfg = Debug|Any CPU
		{D44D7B10-36BE-492A-BB38-6C88C5C88CF7}.Debug|Any CPU.Build.0 = Debug|Any CPU
		{D44D7B10-36BE-492A-BB38-6C88C5C88CF7}.Release|Any CPU.ActiveCfg = Release|Any CPU
		{D44D7B10-36BE-492A-BB38-6C88C5C88CF7}.Release|Any CPU.Build.0 = Release|Any CPU
	EndGlobalSection
	GlobalSection(SolutionProperties) = preSolution
		HideSolutionNode = FALSE
	EndGlobalSection
	GlobalSection(ExtensibilityGlobals) = postSolution
		SolutionGuid = {1547182E-7EF6-486E-AB49-F1BF3D0581AD}
	EndGlobalSection
EndGlobal
